
Microsoft Visual Studio Solution File, Format Version 12.00
# Visual Studio Version 16
VisualStudioVersion = 16.0.29418.71
MinimumVisualStudioVersion = 10.0.40219.1
Project("{FAE04EC0-301F-11D3-BF4B-00C04F79EFBC}") = "WebAPI_KTOnline", "WebAPI_KTOnline\WebAPI_KTOnline.csproj", "{2738FB08-40E3-4069-A059-10CCFDAEB81C}"
EndProject
Global
	GlobalSection(SolutionConfigurationPlatforms) = preSolution
		Debug|Any CPU = Debug|Any CPU
		Release|Any CPU = Release|Any CPU
	EndGlobalSection
	GlobalSection(ProjectConfigurationPlatforms) = postSolution
		{2738FB08-40E3-4069-A059-10CCFDAEB81C}.Debug|Any CPU.ActiveCfg = Debug|Any CPU
		{2738FB08-40E3-4069-A059-10CCFDAEB81C}.Debug|Any CPU.Build.0 = Debug|Any CPU
		{2738FB08-40E3-4069-A059-10CCFDAEB81C}.Release|Any CPU.ActiveCfg = Release|Any CPU
		{2738FB08-40E3-4069-A059-10CCFDAEB81C}.Release|Any CPU.Build.0 = Release|Any CPU
	EndGlobalSection
	GlobalSection(SolutionProperties) = preSolution
		HideSolutionNode = FALSE
	EndGlobalSection
	GlobalSection(ExtensibilityGlobals) = postSolution
		SolutionGuid = {53CC273A-1E34-42EA-8201-64ADD6641FA1}
	EndGlobalSection
EndGlobal
